
Microsoft Visual Studio Solution File, Format Version 12.00
# Visual Studio 15
VisualStudioVersion = 15.0.28010.2046
MinimumVisualStudioVersion = 10.0.40219.1
Project("{FAE04EC0-301F-11D3-BF4B-00C04F79EFBC}") = "EmployeeManager", "EmployeeManager\EmployeeManager.csproj", "{0C8AD65D-B1B4-4C72-B243-B5671F8A36C1}"
EndProject
Project("{FAE04EC0-301F-11D3-BF4B-00C04F79EFBC}") = "EmployeeManager.Tests", "EmployeeManager.Tests\EmployeeManager.Tests.csproj", "{381C9AD4-B367-4C8E-8295-9E8F547228AA}"
EndProject
Global
	GlobalSection(SolutionConfigurationPlatforms) = preSolution
		Debug|Any CPU = Debug|Any CPU
		Release|Any CPU = Release|Any CPU
	EndGlobalSection
	GlobalSection(ProjectConfigurationPlatforms) = postSolution
		{0C8AD65D-B1B4-4C72-B243-B5671F8A36C1}.Debug|Any CPU.ActiveCfg = Debug|Any CPU
		{0C8AD65D-B1B4-4C72-B243-B5671F8A36C1}.Debug|Any CPU.Build.0 = Debug|Any CPU
		{0C8AD65D-B1B4-4C72-B243-B5671F8A36C1}.Release|Any CPU.ActiveCfg = Release|Any CPU
		{0C8AD65D-B1B4-4C72-B243-B5671F8A36C1}.Release|Any CPU.Build.0 = Release|Any CPU
		{381C9AD4-B367-4C8E-8295-9E8F547228AA}.Debug|Any CPU.ActiveCfg = Debug|Any CPU
		{381C9AD4-B367-4C8E-8295-9E8F547228AA}.Debug|Any CPU.Build.0 = Debug|Any CPU
		{381C9AD4-B367-4C8E-8295-9E8F547228AA}.Release|Any CPU.ActiveCfg = Release|Any CPU
		{381C9AD4-B367-4C8E-8295-9E8F547228AA}.Release|Any CPU.Build.0 = Release|Any CPU
	EndGlobalSection
	GlobalSection(SolutionProperties) = preSolution
		HideSolutionNode = FALSE
	EndGlobalSection
	GlobalSection(ExtensibilityGlobals) = postSolution
		SolutionGuid = {DD29835D-FC9E-4440-8A5C-5C53F9A23CB6}
	EndGlobalSection
EndGlobal
